// !$*UTF8*$!
{
	archiveVersion = 1;
	classes = {
	};
	objectVersion = 55;
	objects = {

/* Begin PBXBuildFile section */
		C269044C2795462500FEAA60 /* ResultScreen.swift in Sources */ = {isa = PBXBuildFile; fileRef = C269044B2795462500FEAA60 /* ResultScreen.swift */; };
		C2AE4D6D279556760083B421 /* DarkPuzzleGif.gif in Resources */ = {isa = PBXBuildFile; fileRef = C2AE4D6C279556760083B421 /* DarkPuzzleGif.gif */; };
		C2B1C8A6278D9C3000B20FF9 /* PhotosGallery.swift in Sources */ = {isa = PBXBuildFile; fileRef = C2B1C8A5278D9C3000B20FF9 /* PhotosGallery.swift */; };
		C2B1C8A8278D9C5700B20FF9 /* SectionTableViewCell.swift in Sources */ = {isa = PBXBuildFile; fileRef = C2B1C8A7278D9C5700B20FF9 /* SectionTableViewCell.swift */; };
		C2B1C8AA278D9C7100B20FF9 /* ImageCollectionViewCell.swift in Sources */ = {isa = PBXBuildFile; fileRef = C2B1C8A9278D9C7100B20FF9 /* ImageCollectionViewCell.swift */; };
		C2B1C8B0278D9CBC00B20FF9 /* HomeVC.swift in Sources */ = {isa = PBXBuildFile; fileRef = C2B1C8AF278D9CBC00B20FF9 /* HomeVC.swift */; };
		C2B1C8B2278EAD5D00B20FF9 /* GoogleService-Info.plist in Resources */ = {isa = PBXBuildFile; fileRef = C2B1C8B1278EAD5C00B20FF9 /* GoogleService-Info.plist */; };
		C2B1C8B5278EB8DA00B20FF9 /* FirebaseAuth in Frameworks */ = {isa = PBXBuildFile; productRef = C2B1C8B4278EB8DA00B20FF9 /* FirebaseAuth */; };
		C2B1C8B7278EB8DA00B20FF9 /* FirebaseFirestore in Frameworks */ = {isa = PBXBuildFile; productRef = C2B1C8B6278EB8DA00B20FF9 /* FirebaseFirestore */; };
		C2B1C8B9278EB8DA00B20FF9 /* FirebaseStorage in Frameworks */ = {isa = PBXBuildFile; productRef = C2B1C8B8278EB8DA00B20FF9 /* FirebaseStorage */; };
		C2CD4D3A275F5B2C009FB2CA /* GameVC.swift in Sources */ = {isa = PBXBuildFile; fileRef = C2CD4D39275F5B2C009FB2CA /* GameVC.swift */; };
		C2CD4D59276874B2009FB2CA /* Player+CoreDataClass.swift in Sources */ = {isa = PBXBuildFile; fileRef = C2CD4D57276874B2009FB2CA /* Player+CoreDataClass.swift */; };
		C2CD4D5A276874B2009FB2CA /* Player+CoreDataProperties.swift in Sources */ = {isa = PBXBuildFile; fileRef = C2CD4D58276874B2009FB2CA /* Player+CoreDataProperties.swift */; };
		C2DB8850278704A40012BAC1 /* Main.storyboard in Resources */ = {isa = PBXBuildFile; fileRef = C2F21DD3275E084B00805223 /* Main.storyboard */; };
		C2F21DCE275E084B00805223 /* AppDelegate.swift in Sources */ = {isa = PBXBuildFile; fileRef = C2F21DCD275E084B00805223 /* AppDelegate.swift */; };
		C2F21DD0275E084B00805223 /* SceneDelegate.swift in Sources */ = {isa = PBXBuildFile; fileRef = C2F21DCF275E084B00805223 /* SceneDelegate.swift */; };
		C2F21DD2275E084B00805223 /* ViewController.swift in Sources */ = {isa = PBXBuildFile; fileRef = C2F21DD1275E084B00805223 /* ViewController.swift */; };
		C2F21DD8275E084B00805223 /* Puzzles.xcdatamodeld in Sources */ = {isa = PBXBuildFile; fileRef = C2F21DD6275E084B00805223 /* Puzzles.xcdatamodeld */; };
		C2F21DDA275E084D00805223 /* Assets.xcassets in Resources */ = {isa = PBXBuildFile; fileRef = C2F21DD9275E084D00805223 /* Assets.xcassets */; };
		C2F21DDD275E084D00805223 /* LaunchScreen.storyboard in Resources */ = {isa = PBXBuildFile; fileRef = C2F21DDB275E084D00805223 /* LaunchScreen.storyboard */; };
		C2FE57F82790152C004DF011 /* FileForGif.swift in Sources */ = {isa = PBXBuildFile; fileRef = C2FE57F72790152C004DF011 /* FileForGif.swift */; };
		C2FE57FA2790369B004DF011 /* puzzleGIF.gif in Resources */ = {isa = PBXBuildFile; fileRef = C2FE57F92790369B004DF011 /* puzzleGIF.gif */; };
		C2FE57FF27903CB8004DF011 /* Localizable.strings in Resources */ = {isa = PBXBuildFile; fileRef = C2FE580127903CB8004DF011 /* Localizable.strings */; };
		C2FE580327903CF8004DF011 /* ArabicVC.swift in Sources */ = {isa = PBXBuildFile; fileRef = C2FE580227903CF8004DF011 /* ArabicVC.swift */; };
		C2FE58052793F209004DF011 /* settingVC.swift in Sources */ = {isa = PBXBuildFile; fileRef = C2FE58042793F209004DF011 /* settingVC.swift */; };
		C2FE5808279424ED004DF011 /* fort.m4a in Resources */ = {isa = PBXBuildFile; fileRef = C2FE580727940D06004DF011 /* fort.m4a */; };
/* End PBXBuildFile section */

/* Begin PBXFileReference section */
		C269044B2795462500FEAA60 /* ResultScreen.swift */ = {isa = PBXFileReference; fileEncoding = 4; lastKnownFileType = sourcecode.swift; path = ResultScreen.swift; sourceTree = "<group>"; };
		C2AE4D6C279556760083B421 /* DarkPuzzleGif.gif */ = {isa = PBXFileReference; lastKnownFileType = image.gif; path = DarkPuzzleGif.gif; sourceTree = "<group>"; };
		C2B1C8A5278D9C3000B20FF9 /* PhotosGallery.swift */ = {isa = PBXFileReference; fileEncoding = 4; lastKnownFileType = sourcecode.swift; path = PhotosGallery.swift; sourceTree = "<group>"; };
		C2B1C8A7278D9C5700B20FF9 /* SectionTableViewCell.swift */ = {isa = PBXFileReference; fileEncoding = 4; lastKnownFileType = sourcecode.swift; name = SectionTableViewCell.swift; path = ../../../../SectionTableViewCell.swift; sourceTree = "<group>"; };
		C2B1C8A9278D9C7100B20FF9 /* ImageCollectionViewCell.swift */ = {isa = PBXFileReference; fileEncoding = 4; lastKnownFileType = sourcecode.swift; name = ImageCollectionViewCell.swift; path = ../../../../ImageCollectionViewCell.swift; sourceTree = "<group>"; };
		C2B1C8AF278D9CBC00B20FF9 /* HomeVC.swift */ = {isa = PBXFileReference; fileEncoding = 4; lastKnownFileType = sourcecode.swift; name = HomeVC.swift; path = ../../HomeVC.swift; sourceTree = "<group>"; };
		C2B1C8B1278EAD5C00B20FF9 /* GoogleService-Info.plist */ = {isa = PBXFileReference; fileEncoding = 4; lastKnownFileType = text.plist.xml; path = "GoogleService-Info.plist"; sourceTree = "<group>"; };
		C2CD4D39275F5B2C009FB2CA /* GameVC.swift */ = {isa = PBXFileReference; lastKnownFileType = sourcecode.swift; path = GameVC.swift; sourceTree = "<group>"; };
		C2CD4D57276874B2009FB2CA /* Player+CoreDataClass.swift */ = {isa = PBXFileReference; lastKnownFileType = sourcecode.swift; path = "Player+CoreDataClass.swift"; sourceTree = "<group>"; };
		C2CD4D58276874B2009FB2CA /* Player+CoreDataProperties.swift */ = {isa = PBXFileReference; lastKnownFileType = sourcecode.swift; path = "Player+CoreDataProperties.swift"; sourceTree = "<group>"; };
		C2F21DCA275E084B00805223 /* Puzzles.app */ = {isa = PBXFileReference; explicitFileType = wrapper.application; includeInIndex = 0; path = Puzzles.app; sourceTree = BUILT_PRODUCTS_DIR; };
		C2F21DCD275E084B00805223 /* AppDelegate.swift */ = {isa = PBXFileReference; lastKnownFileType = sourcecode.swift; path = AppDelegate.swift; sourceTree = "<group>"; };
		C2F21DCF275E084B00805223 /* SceneDelegate.swift */ = {isa = PBXFileReference; lastKnownFileType = sourcecode.swift; path = SceneDelegate.swift; sourceTree = "<group>"; };
		C2F21DD1275E084B00805223 /* ViewController.swift */ = {isa = PBXFileReference; lastKnownFileType = sourcecode.swift; path = ViewController.swift; sourceTree = "<group>"; };
		C2F21DD4275E084B00805223 /* Base */ = {isa = PBXFileReference; lastKnownFileType = file.storyboard; name = Base; path = Base.lproj/Main.storyboard; sourceTree = "<group>"; };
		C2F21DD7275E084B00805223 /* Puzzles.xcdatamodel */ = {isa = PBXFileReference; lastKnownFileType = wrapper.xcdatamodel; path = Puzzles.xcdatamodel; sourceTree = "<group>"; };
		C2F21DD9275E084D00805223 /* Assets.xcassets */ = {isa = PBXFileReference; lastKnownFileType = folder.assetcatalog; path = Assets.xcassets; sourceTree = "<group>"; };
		C2F21DDC275E084D00805223 /* Base */ = {isa = PBXFileReference; lastKnownFileType = file.storyboard; name = Base; path = Base.lproj/LaunchScreen.storyboard; sourceTree = "<group>"; };
		C2F21DDE275E084D00805223 /* Info.plist */ = {isa = PBXFileReference; lastKnownFileType = text.plist.xml; path = Info.plist; sourceTree = "<group>"; };
		C2FE57F72790152C004DF011 /* FileForGif.swift */ = {isa = PBXFileReference; lastKnownFileType = sourcecode.swift; path = FileForGif.swift; sourceTree = "<group>"; };
		C2FE57F92790369B004DF011 /* puzzleGIF.gif */ = {isa = PBXFileReference; lastKnownFileType = image.gif; path = puzzleGIF.gif; sourceTree = "<group>"; };
		C2FE57FD27903C99004DF011 /* ar */ = {isa = PBXFileReference; lastKnownFileType = text.plist.strings; name = ar; path = ar.lproj/Main.strings; sourceTree = "<group>"; };
		C2FE57FE27903C99004DF011 /* ar */ = {isa = PBXFileReference; lastKnownFileType = text.plist.strings; name = ar; path = ar.lproj/LaunchScreen.strings; sourceTree = "<group>"; };
		C2FE580027903CB8004DF011 /* ar */ = {isa = PBXFileReference; lastKnownFileType = text.plist.strings; name = ar; path = ar.lproj/Localizable.strings; sourceTree = "<group>"; };
		C2FE580227903CF8004DF011 /* ArabicVC.swift */ = {isa = PBXFileReference; lastKnownFileType = sourcecode.swift; path = ArabicVC.swift; sourceTree = "<group>"; };
		C2FE58042793F209004DF011 /* settingVC.swift */ = {isa = PBXFileReference; lastKnownFileType = sourcecode.swift; path = settingVC.swift; sourceTree = "<group>"; };
		C2FE580727940D06004DF011 /* fort.m4a */ = {isa = PBXFileReference; lastKnownFileType = file; path = fort.m4a; sourceTree = "<group>"; };
/* End PBXFileReference section */

/* Begin PBXFrameworksBuildPhase section */
		C2F21DC7275E084B00805223 /* Frameworks */ = {
			isa = PBXFrameworksBuildPhase;
			buildActionMask = 2147483647;
			files = (
				C2B1C8B5278EB8DA00B20FF9 /* FirebaseAuth in Frameworks */,
				C2B1C8B7278EB8DA00B20FF9 /* FirebaseFirestore in Frameworks */,
				C2B1C8B9278EB8DA00B20FF9 /* FirebaseStorage in Frameworks */,
			);
			runOnlyForDeploymentPostprocessing = 0;
		};
/* End PBXFrameworksBuildPhase section */

/* Begin PBXGroup section */
		C2739D74277C816F00F74AD5 /* ChoosePhoto */ = {
			isa = PBXGroup;
			children = (
				C2B1C8A9278D9C7100B20FF9 /* ImageCollectionViewCell.swift */,
				C2B1C8A7278D9C5700B20FF9 /* SectionTableViewCell.swift */,
				C2B1C8A5278D9C3000B20FF9 /* PhotosGallery.swift */,
			);
			path = ChoosePhoto;
			sourceTree = "<group>";
		};
		C2CD4D38275F5ADB009FB2CA /* Game */ = {
			isa = PBXGroup;
			children = (
				C2CD4D39275F5B2C009FB2CA /* GameVC.swift */,
			);
			path = Game;
			sourceTree = "<group>";
		};
		C2CD4D44276719B3009FB2CA /* Users */ = {
			isa = PBXGroup;
			children = (
				C2CD4D57276874B2009FB2CA /* Player+CoreDataClass.swift */,
				C2CD4D58276874B2009FB2CA /* Player+CoreDataProperties.swift */,
			);
			path = Users;
			sourceTree = "<group>";
		};
		C2CD4D4C276745A7009FB2CA /* Photos */ = {
			isa = PBXGroup;
			children = (
				C2739D74277C816F00F74AD5 /* ChoosePhoto */,
			);
			path = Photos;
			sourceTree = "<group>";
		};
		C2F21DC1275E084B00805223 = {
			isa = PBXGroup;
			children = (
				C2F21DCC275E084B00805223 /* Puzzles */,
				C2F21DCB275E084B00805223 /* Products */,
			);
			sourceTree = "<group>";
		};
		C2F21DCB275E084B00805223 /* Products */ = {
			isa = PBXGroup;
			children = (
				C2F21DCA275E084B00805223 /* Puzzles.app */,
			);
			name = Products;
			sourceTree = "<group>";
		};
		C2F21DCC275E084B00805223 /* Puzzles */ = {
			isa = PBXGroup;
			children = (
				C269044B2795462500FEAA60 /* ResultScreen.swift */,
				C2B1C8AF278D9CBC00B20FF9 /* HomeVC.swift */,
				C2CD4D4C276745A7009FB2CA /* Photos */,
				C2CD4D38275F5ADB009FB2CA /* Game */,
				C2F21DCF275E084B00805223 /* SceneDelegate.swift */,
				C2F21DCD275E084B00805223 /* AppDelegate.swift */,
				C2F21DD1275E084B00805223 /* ViewController.swift */,
				C2FE57F72790152C004DF011 /* FileForGif.swift */,
				C2FE58042793F209004DF011 /* settingVC.swift */,
				C2CD4D44276719B3009FB2CA /* Users */,
				C2F21DD3275E084B00805223 /* Main.storyboard */,
				C2F21DD9275E084D00805223 /* Assets.xcassets */,
				C2F21DDB275E084D00805223 /* LaunchScreen.storyboard */,
				C2F21DDE275E084D00805223 /* Info.plist */,
				C2F21DD6275E084B00805223 /* Puzzles.xcdatamodeld */,
				C2B1C8B1278EAD5C00B20FF9 /* GoogleService-Info.plist */,
				C2FE580127903CB8004DF011 /* Localizable.strings */,
				C2FE57F92790369B004DF011 /* puzzleGIF.gif */,
				C2AE4D6C279556760083B421 /* DarkPuzzleGif.gif */,
				C2FE580227903CF8004DF011 /* ArabicVC.swift */,
				C2FE580727940D06004DF011 /* fort.m4a */,
			);
			path = Puzzles;
			sourceTree = "<group>";
		};
/* End PBXGroup section */

/* Begin PBXNativeTarget section */
		C2F21DC9275E084B00805223 /* Puzzles */ = {
			isa = PBXNativeTarget;
			buildConfigurationList = C2F21DE1275E084D00805223 /* Build configuration list for PBXNativeTarget "Puzzles" */;
			buildPhases = (
				C2F21DC6275E084B00805223 /* Sources */,
				C2F21DC7275E084B00805223 /* Frameworks */,
				C2F21DC8275E084B00805223 /* Resources */,
			);
			buildRules = (
			);
			dependencies = (
			);
			name = Puzzles;
			packageProductDependencies = (
				C2B1C8B4278EB8DA00B20FF9 /* FirebaseAuth */,
				C2B1C8B6278EB8DA00B20FF9 /* FirebaseFirestore */,
				C2B1C8B8278EB8DA00B20FF9 /* FirebaseStorage */,
			);
			productName = Puzzles;
			productReference = C2F21DCA275E084B00805223 /* Puzzles.app */;
			productType = "com.apple.product-type.application";
		};
/* End PBXNativeTarget section */

/* Begin PBXProject section */
		C2F21DC2275E084B00805223 /* Project object */ = {
			isa = PBXProject;
			attributes = {
				BuildIndependentTargetsInParallel = 1;
				LastSwiftUpdateCheck = 1310;
				LastUpgradeCheck = 1310;
				TargetAttributes = {
					C2F21DC9275E084B00805223 = {
						CreatedOnToolsVersion = 13.1;
					};
				};
			};
			buildConfigurationList = C2F21DC5275E084B00805223 /* Build configuration list for PBXProject "Puzzles" */;
			compatibilityVersion = "Xcode 13.0";
			developmentRegion = en;
			hasScannedForEncodings = 0;
			knownRegions = (
				en,
				Base,
				ar,
			);
			mainGroup = C2F21DC1275E084B00805223;
			packageReferences = (
				C2B1C8B3278EB8DA00B20FF9 /* XCRemoteSwiftPackageReference "firebase-ios-sdk" */,
			);
			productRefGroup = C2F21DCB275E084B00805223 /* Products */;
			projectDirPath = "";
			projectRoot = "";
			targets = (
				C2F21DC9275E084B00805223 /* Puzzles */,
			);
		};
/* End PBXProject section */

/* Begin PBXResourcesBuildPhase section */
		C2F21DC8275E084B00805223 /* Resources */ = {
			isa = PBXResourcesBuildPhase;
			buildActionMask = 2147483647;
			files = (
				C2DB8850278704A40012BAC1 /* Main.storyboard in Resources */,
				C2FE57FF27903CB8004DF011 /* Localizable.strings in Resources */,
				C2AE4D6D279556760083B421 /* DarkPuzzleGif.gif in Resources */,
				C2FE5808279424ED004DF011 /* fort.m4a in Resources */,
				C2F21DDD275E084D00805223 /* LaunchScreen.storyboard in Resources */,
				C2FE57FA2790369B004DF011 /* puzzleGIF.gif in Resources */,
				C2B1C8B2278EAD5D00B20FF9 /* GoogleService-Info.plist in Resources */,
				C2F21DDA275E084D00805223 /* Assets.xcassets in Resources */,
			);
			runOnlyForDeploymentPostprocessing = 0;
		};
/* End PBXResourcesBuildPhase section */

/* Begin PBXSourcesBuildPhase section */
		C2F21DC6275E084B00805223 /* Sources */ = {
			isa = PBXSourcesBuildPhase;
			buildActionMask = 2147483647;
			files = (
				C2B1C8B0278D9CBC00B20FF9 /* HomeVC.swift in Sources */,
				C269044C2795462500FEAA60 /* ResultScreen.swift in Sources */,
				C2FE58052793F209004DF011 /* settingVC.swift in Sources */,
				C2F21DD2275E084B00805223 /* ViewController.swift in Sources */,
				C2B1C8A8278D9C5700B20FF9 /* SectionTableViewCell.swift in Sources */,
				C2FE580327903CF8004DF011 /* ArabicVC.swift in Sources */,
				C2F21DD8275E084B00805223 /* Puzzles.xcdatamodeld in Sources */,
				C2FE57F82790152C004DF011 /* FileForGif.swift in Sources */,
				C2B1C8AA278D9C7100B20FF9 /* ImageCollectionViewCell.swift in Sources */,
				C2F21DCE275E084B00805223 /* AppDelegate.swift in Sources */,
				C2B1C8A6278D9C3000B20FF9 /* PhotosGallery.swift in Sources */,
				C2CD4D3A275F5B2C009FB2CA /* GameVC.swift in Sources */,
				C2F21DD0275E084B00805223 /* SceneDelegate.swift in Sources */,
				C2CD4D5A276874B2009FB2CA /* Player+CoreDataProperties.swift in Sources */,
				C2CD4D59276874B2009FB2CA /* Player+CoreDataClass.swift in Sources */,
			);
			runOnlyForDeploymentPostprocessing = 0;
		};
/* End PBXSourcesBuildPhase section */

/* Begin PBXVariantGroup section */
		C2F21DD3275E084B00805223 /* Main.storyboard */ = {
			isa = PBXVariantGroup;
			children = (
				C2F21DD4275E084B00805223 /* Base */,
				C2FE57FD27903C99004DF011 /* ar */,
			);
			name = Main.storyboard;
			sourceTree = "<group>";
		};
		C2F21DDB275E084D00805223 /* LaunchScreen.storyboard */ = {
			isa = PBXVariantGroup;
			children = (
				C2F21DDC275E084D00805223 /* Base */,
				C2FE57FE27903C99004DF011 /* ar */,
			);
			name = LaunchScreen.storyboard;
			sourceTree = "<group>";
		};
		C2FE580127903CB8004DF011 /* Localizable.strings */ = {
			isa = PBXVariantGroup;
			children = (
				C2FE580027903CB8004DF011 /* ar */,
			);
			name = Localizable.strings;
			sourceTree = "<group>";
		};
/* End PBXVariantGroup section */

/* Begin XCBuildConfiguration section */
		C2F21DDF275E084D00805223 /* Debug */ = {
			isa = XCBuildConfiguration;
			buildSettings = {
				ALWAYS_SEARCH_USER_PATHS = NO;
				CLANG_ANALYZER_LOCALIZABILITY_NONLOCALIZED = YES;
				CLANG_ANALYZER_NONNULL = YES;
				CLANG_ANALYZER_NUMBER_OBJECT_CONVERSION = YES_AGGRESSIVE;
				CLANG_CXX_LANGUAGE_STANDARD = "gnu++17";
				CLANG_CXX_LIBRARY = "libc++";
				CLANG_ENABLE_MODULES = YES;
				CLANG_ENABLE_OBJC_ARC = YES;
				CLANG_ENABLE_OBJC_WEAK = YES;
				CLANG_WARN_BLOCK_CAPTURE_AUTORELEASING = YES;
				CLANG_WARN_BOOL_CONVERSION = YES;
				CLANG_WARN_COMMA = YES;
				CLANG_WARN_CONSTANT_CONVERSION = YES;
				CLANG_WARN_DEPRECATED_OBJC_IMPLEMENTATIONS = YES;
				CLANG_WARN_DIRECT_OBJC_ISA_USAGE = YES_ERROR;
				CLANG_WARN_DOCUMENTATION_COMMENTS = YES;
				CLANG_WARN_EMPTY_BODY = YES;
				CLANG_WARN_ENUM_CONVERSION = YES;
				CLANG_WARN_INFINITE_RECURSION = YES;
				CLANG_WARN_INT_CONVERSION = YES;
				CLANG_WARN_NON_LITERAL_NULL_CONVERSION = YES;
				CLANG_WARN_OBJC_IMPLICIT_RETAIN_SELF = YES;
				CLANG_WARN_OBJC_LITERAL_CONVERSION = YES;
				CLANG_WARN_OBJC_ROOT_CLASS = YES_ERROR;
				CLANG_WARN_QUOTED_INCLUDE_IN_FRAMEWORK_HEADER = YES;
				CLANG_WARN_RANGE_LOOP_ANALYSIS = YES;
				CLANG_WARN_STRICT_PROTOTYPES = YES;
				CLANG_WARN_SUSPICIOUS_MOVE = YES;
				CLANG_WARN_UNGUARDED_AVAILABILITY = YES_AGGRESSIVE;
				CLANG_WARN_UNREACHABLE_CODE = YES;
				CLANG_WARN__DUPLICATE_METHOD_MATCH = YES;
				COPY_PHASE_STRIP = NO;
				DEBUG_INFORMATION_FORMAT = dwarf;
				ENABLE_STRICT_OBJC_MSGSEND = YES;
				ENABLE_TESTABILITY = YES;
				GCC_C_LANGUAGE_STANDARD = gnu11;
				GCC_DYNAMIC_NO_PIC = NO;
				GCC_NO_COMMON_BLOCKS = YES;
				GCC_OPTIMIZATION_LEVEL = 0;
				GCC_PREPROCESSOR_DEFINITIONS = (
					"DEBUG=1",
					"$(inherited)",
				);
				GCC_WARN_64_TO_32_BIT_CONVERSION = YES;
				GCC_WARN_ABOUT_RETURN_TYPE = YES_ERROR;
				GCC_WARN_UNDECLARED_SELECTOR = YES;
				GCC_WARN_UNINITIALIZED_AUTOS = YES_AGGRESSIVE;
				GCC_WARN_UNUSED_FUNCTION = YES;
				GCC_WARN_UNUSED_VARIABLE = YES;
				IPHONEOS_DEPLOYMENT_TARGET = 15.0;
				MTL_ENABLE_DEBUG_INFO = INCLUDE_SOURCE;
				MTL_FAST_MATH = YES;
				ONLY_ACTIVE_ARCH = YES;
				SDKROOT = iphoneos;
				SWIFT_ACTIVE_COMPILATION_CONDITIONS = DEBUG;
				SWIFT_OPTIMIZATION_LEVEL = "-Onone";
			};
			name = Debug;
		};
		C2F21DE0275E084D00805223 /* Release */ = {
			isa = XCBuildConfiguration;
			buildSettings = {
				ALWAYS_SEARCH_USER_PATHS = NO;
				CLANG_ANALYZER_LOCALIZABILITY_NONLOCALIZED = YES;
				CLANG_ANALYZER_NONNULL = YES;
				CLANG_ANALYZER_NUMBER_OBJECT_CONVERSION = YES_AGGRESSIVE;
				CLANG_CXX_LANGUAGE_STANDARD = "gnu++17";
				CLANG_CXX_LIBRARY = "libc++";
				CLANG_ENABLE_MODULES = YES;
				CLANG_ENABLE_OBJC_ARC = YES;
				CLANG_ENABLE_OBJC_WEAK = YES;
				CLANG_WARN_BLOCK_CAPTURE_AUTORELEASING = YES;
				CLANG_WARN_BOOL_CONVERSION = YES;
				CLANG_WARN_COMMA = YES;
				CLANG_WARN_CONSTANT_CONVERSION = YES;
				CLANG_WARN_DEPRECATED_OBJC_IMPLEMENTATIONS = YES;
				CLANG_WARN_DIRECT_OBJC_ISA_USAGE = YES_ERROR;
				CLANG_WARN_DOCUMENTATION_COMMENTS = YES;
				CLANG_WARN_EMPTY_BODY = YES;
				CLANG_WARN_ENUM_CONVERSION = YES;
				CLANG_WARN_INFINITE_RECURSION = YES;
				CLANG_WARN_INT_CONVERSION = YES;
				CLANG_WARN_NON_LITERAL_NULL_CONVERSION = YES;
				CLANG_WARN_OBJC_IMPLICIT_RETAIN_SELF = YES;
				CLANG_WARN_OBJC_LITERAL_CONVERSION = YES;
				CLANG_WARN_OBJC_ROOT_CLASS = YES_ERROR;
				CLANG_WARN_QUOTED_INCLUDE_IN_FRAMEWORK_HEADER = YES;
				CLANG_WARN_RANGE_LOOP_ANALYSIS = YES;
				CLANG_WARN_STRICT_PROTOTYPES = YES;
				CLANG_WARN_SUSPICIOUS_MOVE = YES;
				CLANG_WARN_UNGUARDED_AVAILABILITY = YES_AGGRESSIVE;
				CLANG_WARN_UNREACHABLE_CODE = YES;
				CLANG_WARN__DUPLICATE_METHOD_MATCH = YES;
				COPY_PHASE_STRIP = NO;
				DEBUG_INFORMATION_FORMAT = "dwarf-with-dsym";
				ENABLE_NS_ASSERTIONS = NO;
				ENABLE_STRICT_OBJC_MSGSEND = YES;
				GCC_C_LANGUAGE_STANDARD = gnu11;
				GCC_NO_COMMON_BLOCKS = YES;
				GCC_WARN_64_TO_32_BIT_CONVERSION = YES;
				GCC_WARN_ABOUT_RETURN_TYPE = YES_ERROR;
				GCC_WARN_UNDECLARED_SELECTOR = YES;
				GCC_WARN_UNINITIALIZED_AUTOS = YES_AGGRESSIVE;
				GCC_WARN_UNUSED_FUNCTION = YES;
				GCC_WARN_UNUSED_VARIABLE = YES;
				IPHONEOS_DEPLOYMENT_TARGET = 15.0;
				MTL_ENABLE_DEBUG_INFO = NO;
				MTL_FAST_MATH = YES;
				SDKROOT = iphoneos;
				SWIFT_COMPILATION_MODE = wholemodule;
				SWIFT_OPTIMIZATION_LEVEL = "-O";
				VALIDATE_PRODUCT = YES;
			};
			name = Release;
		};
		C2F21DE2275E084D00805223 /* Debug */ = {
			isa = XCBuildConfiguration;
			buildSettings = {
				ASSETCATALOG_COMPILER_APPICON_NAME = AppIcon;
				ASSETCATALOG_COMPILER_GLOBAL_ACCENT_COLOR_NAME = AccentColor;
				CODE_SIGN_STYLE = Automatic;
				CURRENT_PROJECT_VERSION = 1;
				DEVELOPMENT_TEAM = PZPZ2N5FZ6;
				GENERATE_INFOPLIST_FILE = YES;
				INFOPLIST_FILE = Puzzles/Info.plist;
				INFOPLIST_KEY_UIApplicationSupportsIndirectInputEvents = YES;
				INFOPLIST_KEY_UILaunchStoryboardName = LaunchScreen;
				INFOPLIST_KEY_UIMainStoryboardFile = Main;
				INFOPLIST_KEY_UISupportedInterfaceOrientations_iPad = "UIInterfaceOrientationPortrait UIInterfaceOrientationPortraitUpsideDown UIInterfaceOrientationLandscapeLeft UIInterfaceOrientationLandscapeRight";
				INFOPLIST_KEY_UISupportedInterfaceOrientations_iPhone = "UIInterfaceOrientationPortrait UIInterfaceOrientationLandscapeLeft UIInterfaceOrientationLandscapeRight";
				LD_RUNPATH_SEARCH_PATHS = (
					"$(inherited)",
					"@executable_path/Frameworks",
				);
				MARKETING_VERSION = 1.0;
				PRODUCT_BUNDLE_IDENTIFIER = com.noyeraltamimi.Puzzles;
				PRODUCT_NAME = "$(TARGET_NAME)";
				SWIFT_EMIT_LOC_STRINGS = YES;
				SWIFT_VERSION = 5.0;
				TARGETED_DEVICE_FAMILY = "1,2";
			};
			name = Debug;
		};
		C2F21DE3275E084D00805223 /* Release */ = {
			isa = XCBuildConfiguration;
			buildSettings = {
				ASSETCATALOG_COMPILER_APPICON_NAME = AppIcon;
				ASSETCATALOG_COMPILER_GLOBAL_ACCENT_COLOR_NAME = AccentColor;
				CODE_SIGN_STYLE = Automatic;
				CURRENT_PROJECT_VERSION = 1;
				DEVELOPMENT_TEAM = PZPZ2N5FZ6;
				GENERATE_INFOPLIST_FILE = YES;
				INFOPLIST_FILE = Puzzles/Info.plist;
				INFOPLIST_KEY_UIApplicationSupportsIndirectInputEvents = YES;
				INFOPLIST_KEY_UILaunchStoryboardName = LaunchScreen;
				INFOPLIST_KEY_UIMainStoryboardFile = Main;
				INFOPLIST_KEY_UISupportedInterfaceOrientations_iPad = "UIInterfaceOrientationPortrait UIInterfaceOrientationPortraitUpsideDown UIInterfaceOrientationLandscapeLeft UIInterfaceOrientationLandscapeRight";
				INFOPLIST_KEY_UISupportedInterfaceOrientations_iPhone = "UIInterfaceOrientationPortrait UIInterfaceOrientationLandscapeLeft UIInterfaceOrientationLandscapeRight";
				LD_RUNPATH_SEARCH_PATHS = (
					"$(inherited)",
					"@executable_path/Frameworks",
				);
				MARKETING_VERSION = 1.0;
				PRODUCT_BUNDLE_IDENTIFIER = com.noyeraltamimi.Puzzles;
				PRODUCT_NAME = "$(TARGET_NAME)";
				SWIFT_EMIT_LOC_STRINGS = YES;
				SWIFT_VERSION = 5.0;
				TARGETED_DEVICE_FAMILY = "1,2";
			};
			name = Release;
		};
/* End XCBuildConfiguration section */

/* Begin XCConfigurationList section */
		C2F21DC5275E084B00805223 /* Build configuration list for PBXProject "Puzzles" */ = {
			isa = XCConfigurationList;
			buildConfigurations = (
				C2F21DDF275E084D00805223 /* Debug */,
				C2F21DE0275E084D00805223 /* Release */,
			);
			defaultConfigurationIsVisible = 0;
			defaultConfigurationName = Release;
		};
		C2F21DE1275E084D00805223 /* Build configuration list for PBXNativeTarget "Puzzles" */ = {
			isa = XCConfigurationList;
			buildConfigurations = (
				C2F21DE2275E084D00805223 /* Debug */,
				C2F21DE3275E084D00805223 /* Release */,
			);
			defaultConfigurationIsVisible = 0;
			defaultConfigurationName = Release;
		};
/* End XCConfigurationList section */

/* Begin XCRemoteSwiftPackageReference section */
		C2B1C8B3278EB8DA00B20FF9 /* XCRemoteSwiftPackageReference "firebase-ios-sdk" */ = {
			isa = XCRemoteSwiftPackageReference;
			repositoryURL = "https://github.com/firebase/firebase-ios-sdk";
			requirement = {
				kind = upToNextMajorVersion;
				minimumVersion = 8.0.0;
			};
		};
/* End XCRemoteSwiftPackageReference section */

/* Begin XCSwiftPackageProductDependency section */
		C2B1C8B4278EB8DA00B20FF9 /* FirebaseAuth */ = {
			isa = XCSwiftPackageProductDependency;
			package = C2B1C8B3278EB8DA00B20FF9 /* XCRemoteSwiftPackageReference "firebase-ios-sdk" */;
			productName = FirebaseAuth;
		};
		C2B1C8B6278EB8DA00B20FF9 /* FirebaseFirestore */ = {
			isa = XCSwiftPackageProductDependency;
			package = C2B1C8B3278EB8DA00B20FF9 /* XCRemoteSwiftPackageReference "firebase-ios-sdk" */;
			productName = FirebaseFirestore;
		};
		C2B1C8B8278EB8DA00B20FF9 /* FirebaseStorage */ = {
			isa = XCSwiftPackageProductDependency;
			package = C2B1C8B3278EB8DA00B20FF9 /* XCRemoteSwiftPackageReference "firebase-ios-sdk" */;
			productName = FirebaseStorage;
		};
/* End XCSwiftPackageProductDependency section */

/* Begin XCVersionGroup section */
		C2F21DD6275E084B00805223 /* Puzzles.xcdatamodeld */ = {
			isa = XCVersionGroup;
			children = (
				C2F21DD7275E084B00805223 /* Puzzles.xcdatamodel */,
			);
			currentVersion = C2F21DD7275E084B00805223 /* Puzzles.xcdatamodel */;
			path = Puzzles.xcdatamodeld;
			sourceTree = "<group>";
			versionGroupType = wrapper.xcdatamodel;
		};
/* End XCVersionGroup section */
	};
	rootObject = C2F21DC2275E084B00805223 /* Project object */;
}
